<?xml version="1.0" encoding="utf-8"?>
<Project ToolsVersion="4.0" xmlns="http://schemas.microsoft.com/developer/msbuild/2003">
  <ItemGroup>
    <Filter Include="sources">
      <UniqueIdentifier>{39a643cd-071c-4c9a-be24-4d3d926378d4}</UniqueIdentifier>
    </Filter>
  </ItemGroup>
  <ItemGroup>
    <ClCompile Include="sources\Main.cpp">
      <Filter>sources</Filter>
    </ClCompile>
    <ClCompile Include="sources\Library.h">
      <Filter>sources</Filter>
    </ClCompile>
  </ItemGroup>
  <ItemGroup>
    <ClInclude Include="sources\Sprite.h">
      <Filter>sources</Filter>
    </ClInclude>
    <ClInclude Include="sources\Text.h">
      <Filter>sources</Filter>
    </ClInclude>
    <ClInclude Include="sources\Material.h">
      <Filter>sources</Filter>
    </ClInclude>
    <ClInclude Include="sources\Texture.h">
      <Filter>sources</Filter>
    </ClInclude>
    <ClInclude Include="sources\Mesh.h">
      <Filter>sources</Filter>
    </ClInclude>
    <ClInclude Include="sources\Window.h">
      <Filter>sources</Filter>
    </ClInclude>
    <ClInclude Include="sources\App.h">
      <Filter>sources</Filter>
    </ClInclude>
    <ClInclude Include="sources\Input.h">
      <Filter>sources</Filter>
    </ClInclude>
    <ClInclude Include="sources\Camera.h">
      <Filter>sources</Filter>
    </ClInclude>
    <ClInclude Include="sources\Timer.h">
      <Filter>sources</Filter>
    </ClInclude>
    <ClInclude Include="sources\Graphics.h">
      <Filter>sources</Filter>
    </ClInclude>
    <ClInclude Include="sources\Math.h">
      <Filter>sources</Filter>
    </ClInclude>
    <ClInclude Include="sources\ConstantBuffer.h">
      <Filter>sources</Filter>
    </ClInclude>
  </ItemGroup>
</Project>