<?xml version="1.0" encoding="utf-8"?>
<Project ToolsVersion="4.0" xmlns="http://schemas.microsoft.com/developer/msbuild/2003">
  <ItemGroup>
    <Filter Include="sources">
      <UniqueIdentifier>{115a15bf-cf66-4227-8ac6-649f7cd79b4e}</UniqueIdentifier>
    </Filter>
  </ItemGroup>
  <ItemGroup>
    <ClInclude Include="sources\Camera.hpp">
      <Filter>sources</Filter>
    </ClInclude>
    <ClInclude Include="sources\Graphics.hpp">
      <Filter>sources</Filter>
    </ClInclude>
    <ClInclude Include="sources\Input.hpp">
      <Filter>sources</Filter>
    </ClInclude>
    <ClInclude Include="sources\Material.hpp">
      <Filter>sources</Filter>
    </ClInclude>
    <ClInclude Include="sources\Mesh.hpp">
      <Filter>sources</Filter>
    </ClInclude>
    <ClInclude Include="sources\Sprite.hpp">
      <Filter>sources</Filter>
    </ClInclude>
    <ClInclude Include="sources\Text.hpp">
      <Filter>sources</Filter>
    </ClInclude>
    <ClInclude Include="sources\Texture.hpp">
      <Filter>sources</Filter>
    </ClInclude>
    <ClInclude Include="sources\Timer.hpp">
      <Filter>sources</Filter>
    </ClInclude>
    <ClInclude Include="sources\Window.hpp">
      <Filter>sources</Filter>
    </ClInclude>
    <ClInclude Include="sources\App.hpp">
      <Filter>sources</Filter>
    </ClInclude>
    <ClInclude Include="sources\Utility.hpp">
      <Filter>sources</Filter>
    </ClInclude>
    <ClInclude Include="sources\Sound.hpp">
      <Filter>sources</Filter>
    </ClInclude>
    <ClInclude Include="sources\Audio.hpp">
      <Filter>sources</Filter>
    </ClInclude>
    <ClInclude Include="sources\Random.hpp">
      <Filter>sources</Filter>
    </ClInclude>
  </ItemGroup>
  <ItemGroup>
    <ClCompile Include="sources\Library.cpp">
      <Filter>sources</Filter>
    </ClCompile>
    <ClCompile Include="sources\Main.cpp">
      <Filter>sources</Filter>
    </ClCompile>
  </ItemGroup>
</Project>